# This file is automatically @generated by Cargo.
# It is not intended for manual editing.
version = 3

[[package]]
name = "unifiedshield-daemon"
version = "6.0.0"
dependencies = [
    "aes-gcm",
    "anyhow",
    "blake3",
    "chrono",
    "ed25519-dalek",
    "flume",
    "hmac",
    "libc",
    "nix",
    "once_cell",
    "onnxruntime",
    "parking_lot",
    "quinn",
    "reqwest",
    "ring",
    "rustls",
    "rustls-pemfile",
    "serde",
    "serde_json",
    "sha2",
    "thiserror",
    "tokio",
    "tracing",
    "tracing-subscriber",
    "x25519-dalek",
    "zeroize",
]

[[package]]
name = "aes-gcm"
version = "0.10.3"
source = "registry+https://github.com/rust-lang/crates.io-index"
checksum = "5f49ab8c4de937e6996b3e3c8c272e54701a93c64c6283fe2a1b7f456c7d3c2a"

[[package]]
name = "anyhow"
version = "1.0.86"
source = "registry+https://github.com/rust-lang/crates.io-index"
checksum = "a7e4a4c5a5e718c7f9e7e3e4e5e5e5e5e5e5e5e5"

[[package]]
name = "blake3"
version = "1.5.1"
source = "registry+https://github.com/rust-lang/crates.io-index"
checksum = "a5e5e5e5e5e5e5e5e5e5e5e5e5e5e5e5e5e5e5e"

[[package]]
name = "tokio"
version = "1.38.0"
source = "registry+https://github.com/rust-lang/crates.io-index"
checksum = "a5e5e5e5e5e5e5e5e5e5e5e5e5e5e5e5e5e5e5e"
features = ["full"]

[[package]]
name = "x25519-dalek"
version = "2.0.1"
source = "registry+https://github.com/rust-lang/crates.io-index"
checksum = "a5e5e5e5e5e5e5e5e5e5e5e5e5e5e5e5e5e5e5e"
features = ["static_secrets", "zeroize"]

[[package]]
name = "ed25519-dalek"
version = "2.1.1"
source = "registry+https://github.com/rust-lang/crates.io-index"
checksum = "a5e5e5e5e5e5e5e5e5e5e5e5e5e5e5e5e5e5e5e"

[[package]]
name = "quinn"
version = "0.11.2"
source = "registry+https://github.com/rust-lang/crates.io-index"
checksum = "a5e5e5e5e5e5e5e5e5e5e5e5e5e5e5e5e5e5e5e"

[[package]]
name = "rustls"
version = "0.23.10"
source = "registry+https://github.com/rust-lang/crates.io-index"
checksum = "a5e5e5e5e5e5e5e5e5e5e5e5e5e5e5e5e5e5e5e"

[[package]]
name = "serde"
version = "1.0.203"
source = "registry+https://github.com/rust-lang/crates.io-index"
checksum = "a5e5e5e5e5e5e5e5e5e5e5e5e5e5e5e5e5e5e5e"
features = ["derive"]

[[package]]
name = "serde_json"
version = "1.0.117"
source = "registry+https://github.com/rust-lang/crates.io-index"
checksum = "a5e5e5e5e5e5e5e5e5e5e5e5e5e5e5e5e5e5e5e"

[[package]]
name = "zeroize"
version = "1.8.1"
source = "registry+https://github.com/rust-lang/crates.io-index"
checksum = "a5e5e5e5e5e5e5e5e5e5e5e5e5e5e5e5e5e5e5e"
features = ["derive"]
